github.com/Knetic/govaluate v1.5.0 h1:L4MyqdJSld9xr2eZcZHCWLfeIX2SBjqrwIKG1pcm/+4=
github.com/Knetic/govaluate v3.0.0+incompatible h1:7o6+MAPhYTCF0+fdvoz1xDedhRb4f6s9Tn1Tt7/WTEg=
github.com/Knetic/govaluate v3.0.0+incompatible/go.mod h1:r7JcOSlj0wfOMncg0iLm8Leh48TZaKVeNIfJntJ2wa0=
github.com/aws/aws-sdk-go v1.29.16 h1:Gbtod7Y4W/Ai7wPtesdvgGVTkFN8JxAaGouRLlcQfQs=
github.com/aws/aws-sdk-go v1.29.16/go.mod h1:1KvfttTE3SPKMpo8g2c6jL3ZKfXtFvKscTgahTma5Xg=
github.com/cloudfoundry-community/vaultkv v0.0.0-20200226193222-b5a68f66d316 h1:9tQK0ngNRBHpqgH32nr3n20CeS9GR800vF+D0R1HBRc=
github.com/cloudfoundry-community/vaultkv v0.0.0-20200226193222-b5a68f66d316/go.mod h1:pMz8czjvi3S7Lb7hgAK4J8knpIi+4fK3Bbe+LyzsHus=
github.com/davecgh/go-spew v1.1.0/go.mod h1:J7Y8YcW2NihsgmVo/mv3lAwl/skON4iLHjSsI+c5H38=
github.com/geofffranks/simpleyaml v0.0.0-20161109204137-c9320f076de5 h1:5AjbNPs5ax5Rf1/FeG8tLUYOoEbEDvcMvBgBUH4fDRM=
github.com/geofffranks/simpleyaml v0.0.0-20161109204137-c9320f076de5/go.mod h1:EoVmbOOR2VpnWfvsZ1wVdjvUbitLYk1SYxGTssyjW4s=
github.com/geofffranks/spruce v1.25.2 h1:iOycI6x8MvJ5Sp5kxdqT5mZWWU74tZ3xCUdHVrDdb1M=
github.com/geofffranks/spruce v1.25.2/go.mod h1:TPz+k7L7hny4wgz1EY0gb+PE8QgPJHxf/BDB3KEFPMc=
github.com/geofffranks/yaml v0.0.0-20161117152608-9f2fe4b6f295 h1:CxigGHNaNtLTrnMveo9CjJjgXTuZpbLvuOvY/+c1v8g=
github.com/geofffranks/yaml v0.0.0-20161117152608-9f2fe4b6f295/go.mod h1:+Qu4YOxbpR+Dn8JVzOTjJKWt3EZkEQD918wX+CkNcbE=
github.com/go-sql-driver/mysql v1.5.0/go.mod h1:DCzpHaOWr8IXmIStZouvnhqoel9Qv2LBy8hT2VhHyBg=
github.com/go-yaml/yaml v2.1.0+incompatible h1:RYi2hDdss1u4YE7GwixGzWwVo47T8UQwnTLB6vQiq+o=
github.com/go-yaml/yaml v2.1.0+incompatible/go.mod h1:w2MrLa16VYP0jy6N7M5kHaCkaLENm+P+Tv+MfurjSw0=
github.com/jmespath/go-jmespath v0.0.0-20180206201540-c2b33e8439af h1:pmfjZENx5imkbgOkpRUYLnmbU7UEFbjtDA2hxJ1ichM=
github.com/jmespath/go-jmespath v0.0.0-20180206201540-c2b33e8439af/go.mod h1:Nht3zPeWKUH0NzdCt2Blrr5ys8VGpn0CEB0cQHVjt7k=
github.com/mattn/go-isatty v0.0.12 h1:wuysRhFDzyxgEmMf5xjvJ2M9dZoWAXNNr5LSBS7uHXY=
github.com/mattn/go-isatty v0.0.12/go.mod h1:cbi8OIDigv2wuxKPP5vlRcQ1OAZbq2CE4Kysco4FUpU=
github.com/pkg/errors v0.9.1/go.mod h1:bwawxfHBFNV+L2hUp1rHADufV3IMtnDRdf1r5NINEl0=
github.com/pmezard/go-difflib v1.0.0/go.mod h1:iKH77koFhYxTK1pcRnkKkqfTogsbg7gZNVY4sRDYZ/4=
github.com/starkandwayne/goutils v0.0.0-20190115202530-896b8a6904be h1:vV6o1C8iPioC0Ahi3e9Bs9vVPW9/YN3uwgA6EFahAws=
github.com/starkandwayne/goutils v0.0.0-20190115202530-896b8a6904be/go.mod h1:Py4V645l0xZXsyvSR6WIcsGhNQEiIFDlmJ4Xwd6UCws=
github.com/stretchr/objx v0.1.0/go.mod h1:HFkY916IF+rwdDfMAkV7OtwuqBVzrE8GR6GFx+wExME=
github.com/stretchr/testify v1.4.0/go.mod h1:j7eGeouHqKxXV5pUuKE4zz7dFj8WfuZ+81PSLYec5m4=
github.com/ziutek/utils v0.0.0-20190626152656-eb2a3b364d6c h1:PyI4qg2zvSToKuMdr0WiwbsKkKzyKQBwhELU01zOcfg=
github.com/ziutek/utils v0.0.0-20190626152656-eb2a3b364d6c/go.mod h1:ACOZERHuXvWeAzjD4DvMwvxz/Q8DOF9VP8lcfwV59Oo=
golang.org/x/crypto v0.0.0-20190308221718-c2843e01d9a2/go.mod h1:djNgcEr1/C05ACkg1iLfiJU5Ep61QUkGW8qpdssI0+w=
golang.org/x/net v0.0.0-20200202094626-16171245cfb2/go.mod h1:z5CRVTTTmAJ677TzLLGU+0bjPO0LkuOLi4/5GtJWs/s=
golang.org/x/sys v0.0.0-20190215142949-d0b11bdaac8a/go.mod h1:STP8DvDyc/dI5b8T5hshtkjS+E42TnysNCUPdjciGhY=
golang.org/x/sys v0.0.0-20200116001909-b77594299b42 h1:vEOn+mP2zCOVzKckCZy6YsCtDblrpj/w7B9nxGNELpg=
golang.org/x/sys v0.0.0-20200116001909-b77594299b42/go.mod h1:h1NjWce9XRLGQEsW7wpKNCjG9DtNlClVuFLEZdDNbEs=
golang.org/x/text v0.3.0/go.mod h1:NqM8EUOU14njkJ3fqMW+pc6Ldnwhi/IjpwHt7yyuwOQ=
gopkg.in/check.v1 v0.0.0-20161208181325-20d25e280405/go.mod h1:Co6ibVJAznAaIkqp8huTwlJQCZ016jof/cbN4VW5Yz0=
gopkg.in/yaml.v2 v2.2.2/go.mod h1:hI93XBmqTisBFMUTm0b8Fm+jr3Dg1NNxqwp+5A1VGuI=
